
Microsoft Visual Studio Solution File, Format Version 11.00
# Visual Studio 2010
Project("{FAE04EC0-301F-11D3-BF4B-00C04F79EFBC}") = "BNRItem", "BNRItem\BNRItem.csproj", "{393FB1DB-637E-4C58-A155-E43529678EA8}"
EndProject
Global
	GlobalSection(SolutionConfigurationPlatforms) = preSolution
		Debug|Any CPU = Debug|Any CPU
		Release|Any CPU = Release|Any CPU
	EndGlobalSection
	GlobalSection(ProjectConfigurationPlatforms) = postSolution
		{393FB1DB-637E-4C58-A155-E43529678EA8}.Debug|Any CPU.ActiveCfg = Debug|Any CPU
		{393FB1DB-637E-4C58-A155-E43529678EA8}.Debug|Any CPU.Build.0 = Debug|Any CPU
		{393FB1DB-637E-4C58-A155-E43529678EA8}.Release|Any CPU.ActiveCfg = Release|Any CPU
		{393FB1DB-637E-4C58-A155-E43529678EA8}.Release|Any CPU.Build.0 = Release|Any CPU
	EndGlobalSection
	GlobalSection(MonoDevelopProperties) = preSolution
		StartupItem = BNRItem\BNRItem.csproj
	EndGlobalSection
EndGlobal
